# THIS IS AN AUTOGENERATED FILE. DO NOT EDIT THIS FILE DIRECTLY.
# yarn lockfile v1


construct-style-sheets-polyfill@^2.3.3:
  version "2.3.3"
  resolved "https://registry.yarnpkg.com/construct-style-sheets-polyfill/-/construct-style-sheets-polyfill-2.3.3.tgz#29b7463a08e2206badd9ec189b01ed3820360267"
  integrity sha512-vXEBN4eU5TE/N3nHOeQLOg6WYSLw663b5b87XI1xbBc7p6tIETveG8dVdlPykl58BFHpWfHxk2a4mk1021bGdw==

lit-html@^1.1.2:
  version "1.1.2"
  resolved "https://registry.yarnpkg.com/lit-html/-/lit-html-1.1.2.tgz#2e3560a7075210243649c888ad738eaf0daa8374"
  integrity sha512-FFlUMKHKi+qG1x1iHNZ1hrtc/zHmfYTyrSvs3/wBTvaNtpZjOZGWzU7efGYVpgp6KvWeKF6ql9/KsCq6Z/mEDA==

lodash@^4.17.19:
  version "4.17.19"
  resolved "https://registry.yarnpkg.com/lodash/-/lodash-4.17.19.tgz#e48ddedbe30b3321783c5b4301fbd353bc1e4a4b"
  integrity sha512-JNvd8XER9GQX0v2qJgsaN/mzFCNA5BRe/j8JN9d+tWyGLSodKQHKFicdwNYzWwI3wjRnaKPsGj1XkBjx/F96DQ==
